
Microsoft Visual Studio Solution File, Format Version 12.00
# Visual Studio Version 17
VisualStudioVersion = 17.1.32210.238
MinimumVisualStudioVersion = 10.0.40219.1
Project("{FAE04EC0-301F-11D3-BF4B-00C04F79EFBC}") = "JSONFileCreate", "JSONFileCreate\JSONFileCreate.csproj", "{12CEA63E-B3C8-485D-BC83-3F71E0D6E36A}"
EndProject
Global
	GlobalSection(SolutionConfigurationPlatforms) = preSolution
		Debug|Any CPU = Debug|Any CPU
		Release|Any CPU = Release|Any CPU
	EndGlobalSection
	GlobalSection(ProjectConfigurationPlatforms) = postSolution
		{12CEA63E-B3C8-485D-BC83-3F71E0D6E36A}.Debug|Any CPU.ActiveCfg = Debug|Any CPU
		{12CEA63E-B3C8-485D-BC83-3F71E0D6E36A}.Debug|Any CPU.Build.0 = Debug|Any CPU
		{12CEA63E-B3C8-485D-BC83-3F71E0D6E36A}.Release|Any CPU.ActiveCfg = Release|Any CPU
		{12CEA63E-B3C8-485D-BC83-3F71E0D6E36A}.Release|Any CPU.Build.0 = Release|Any CPU
	EndGlobalSection
	GlobalSection(SolutionProperties) = preSolution
		HideSolutionNode = FALSE
	EndGlobalSection
	GlobalSection(ExtensibilityGlobals) = postSolution
		SolutionGuid = {44164746-EF56-4888-883B-1BD628387F93}
	EndGlobalSection
EndGlobal
